
Microsoft Visual Studio Solution File, Format Version 12.00
# Visual Studio 15
VisualStudioVersion = 15.0.27130.2010
MinimumVisualStudioVersion = 10.0.40219.1
Project("{9A19103F-16F7-4668-BE54-9A1E7A4F7556}") = "SSLAndCorsDemo", "SSLAndCorsDemo\SSLAndCorsDemo.csproj", "{D300D352-3058-4865-9D0D-2A59583382C4}"
EndProject
Project("{9A19103F-16F7-4668-BE54-9A1E7A4F7556}") = "Core.Entity", "Core.Entity\Core.Entity.csproj", "{C5C4D07A-F177-4C36-998C-872D7D8615E4}"
EndProject
Project("{9A19103F-16F7-4668-BE54-9A1E7A4F7556}") = "DefaultIdentity", "DefaultIdentity\DefaultIdentity.csproj", "{7F5BD60F-3B28-4220-8FC5-3F8FBC4F3EFC}"
EndProject
Project("{9A19103F-16F7-4668-BE54-9A1E7A4F7556}") = "SampleAppsAsMicroService", "SampleAppsAsMicroService\SampleAppsAsMicroService.csproj", "{2C130C5F-38DC-4F29-A1A9-CB497E87B7A6}"
EndProject
Project("{E53339B2-1760-4266-BCC7-CA923CBCF16C}") = "docker-compose", "docker-compose.dcproj", "{9D1EE9AD-6912-4990-B877-DA7F5A0D6E6D}"
EndProject
Project("{9A19103F-16F7-4668-BE54-9A1E7A4F7556}") = "DemoAuthorizationServer", "DemoAuthorizationServer\DemoAuthorizationServer.csproj", "{137F32B9-4BC8-4D9F-832E-68B6F63703BE}"
EndProject
Project("{FAE04EC0-301F-11D3-BF4B-00C04F79EFBC}") = "TagHelperDemo", "..\TagHelperDemo\TagHelperDemo.csproj", "{85503985-D940-4E3C-A53C-7DE53AE24AC5}"
EndProject
Project("{FAE04EC0-301F-11D3-BF4B-00C04F79EFBC}") = "TagHelperLib", "TagHelperLib\TagHelperLib.csproj", "{4C6A3FA6-3003-4E81-A1F3-8D6465BB3273}"
EndProject
Global
	GlobalSection(SolutionConfigurationPlatforms) = preSolution
		Debug|Any CPU = Debug|Any CPU
		Release|Any CPU = Release|Any CPU
	EndGlobalSection
	GlobalSection(ProjectConfigurationPlatforms) = postSolution
		{D300D352-3058-4865-9D0D-2A59583382C4}.Debug|Any CPU.ActiveCfg = Debug|Any CPU
		{D300D352-3058-4865-9D0D-2A59583382C4}.Debug|Any CPU.Build.0 = Debug|Any CPU
		{D300D352-3058-4865-9D0D-2A59583382C4}.Release|Any CPU.ActiveCfg = Release|Any CPU
		{D300D352-3058-4865-9D0D-2A59583382C4}.Release|Any CPU.Build.0 = Release|Any CPU
		{C5C4D07A-F177-4C36-998C-872D7D8615E4}.Debug|Any CPU.ActiveCfg = Debug|Any CPU
		{C5C4D07A-F177-4C36-998C-872D7D8615E4}.Debug|Any CPU.Build.0 = Debug|Any CPU
		{C5C4D07A-F177-4C36-998C-872D7D8615E4}.Release|Any CPU.ActiveCfg = Release|Any CPU
		{C5C4D07A-F177-4C36-998C-872D7D8615E4}.Release|Any CPU.Build.0 = Release|Any CPU
		{7F5BD60F-3B28-4220-8FC5-3F8FBC4F3EFC}.Debug|Any CPU.ActiveCfg = Debug|Any CPU
		{7F5BD60F-3B28-4220-8FC5-3F8FBC4F3EFC}.Debug|Any CPU.Build.0 = Debug|Any CPU
		{7F5BD60F-3B28-4220-8FC5-3F8FBC4F3EFC}.Release|Any CPU.ActiveCfg = Release|Any CPU
		{7F5BD60F-3B28-4220-8FC5-3F8FBC4F3EFC}.Release|Any CPU.Build.0 = Release|Any CPU
		{2C130C5F-38DC-4F29-A1A9-CB497E87B7A6}.Debug|Any CPU.ActiveCfg = Debug|Any CPU
		{2C130C5F-38DC-4F29-A1A9-CB497E87B7A6}.Debug|Any CPU.Build.0 = Debug|Any CPU
		{2C130C5F-38DC-4F29-A1A9-CB497E87B7A6}.Release|Any CPU.ActiveCfg = Release|Any CPU
		{2C130C5F-38DC-4F29-A1A9-CB497E87B7A6}.Release|Any CPU.Build.0 = Release|Any CPU
		{9D1EE9AD-6912-4990-B877-DA7F5A0D6E6D}.Debug|Any CPU.ActiveCfg = Debug|Any CPU
		{9D1EE9AD-6912-4990-B877-DA7F5A0D6E6D}.Debug|Any CPU.Build.0 = Debug|Any CPU
		{9D1EE9AD-6912-4990-B877-DA7F5A0D6E6D}.Release|Any CPU.ActiveCfg = Release|Any CPU
		{9D1EE9AD-6912-4990-B877-DA7F5A0D6E6D}.Release|Any CPU.Build.0 = Release|Any CPU
		{137F32B9-4BC8-4D9F-832E-68B6F63703BE}.Debug|Any CPU.ActiveCfg = Debug|Any CPU
		{137F32B9-4BC8-4D9F-832E-68B6F63703BE}.Debug|Any CPU.Build.0 = Debug|Any CPU
		{137F32B9-4BC8-4D9F-832E-68B6F63703BE}.Release|Any CPU.ActiveCfg = Release|Any CPU
		{137F32B9-4BC8-4D9F-832E-68B6F63703BE}.Release|Any CPU.Build.0 = Release|Any CPU
		{85503985-D940-4E3C-A53C-7DE53AE24AC5}.Debug|Any CPU.ActiveCfg = Debug|Any CPU
		{85503985-D940-4E3C-A53C-7DE53AE24AC5}.Debug|Any CPU.Build.0 = Debug|Any CPU
		{85503985-D940-4E3C-A53C-7DE53AE24AC5}.Release|Any CPU.ActiveCfg = Release|Any CPU
		{85503985-D940-4E3C-A53C-7DE53AE24AC5}.Release|Any CPU.Build.0 = Release|Any CPU
		{4C6A3FA6-3003-4E81-A1F3-8D6465BB3273}.Debug|Any CPU.ActiveCfg = Debug|Any CPU
		{4C6A3FA6-3003-4E81-A1F3-8D6465BB3273}.Debug|Any CPU.Build.0 = Debug|Any CPU
		{4C6A3FA6-3003-4E81-A1F3-8D6465BB3273}.Release|Any CPU.ActiveCfg = Release|Any CPU
		{4C6A3FA6-3003-4E81-A1F3-8D6465BB3273}.Release|Any CPU.Build.0 = Release|Any CPU
	EndGlobalSection
	GlobalSection(SolutionProperties) = preSolution
		HideSolutionNode = FALSE
	EndGlobalSection
	GlobalSection(ExtensibilityGlobals) = postSolution
		SolutionGuid = {CB65B4A4-55EA-435F-B5CF-07A37C9A4965}
	EndGlobalSection
EndGlobal
